
Microsoft Visual Studio Solution File, Format Version 12.00
Project("{FAE04EC0-301F-11D3-BF4B-00C04F79EFBC}") = "AudioAppWeb", "AudioAppWeb\AudioAppWeb\AudioAppWeb.csproj", "{F3BCDDCC-675E-4150-8391-EC5A27862911}"
Project("{FAE04EC0-301F-11D3-BF4B-00C04F79EFBC}") = "AudioApp", "AudioApp\AudioApp.csproj", "{1CDB78FF-B1EC-47E0-A711-7670EBAFB292}"
EndProject
Global
	GlobalSection(SolutionConfigurationPlatforms) = preSolution
		Debug|Any CPU = Debug|Any CPU
		Release|Any CPU = Release|Any CPU
	EndGlobalSection
	GlobalSection(ProjectConfigurationPlatforms) = postSolution
		{F3BCDDCC-675E-4150-8391-EC5A27862911}.Debug|Any CPU.ActiveCfg = Debug|Any CPU
		{F3BCDDCC-675E-4150-8391-EC5A27862911}.Debug|Any CPU.Build.0 = Debug|Any CPU
		{F3BCDDCC-675E-4150-8391-EC5A27862911}.Release|Any CPU.ActiveCfg = Release|Any CPU
		{F3BCDDCC-675E-4150-8391-EC5A27862911}.Release|Any CPU.Build.0 = Release|Any CPU
	EndGlobalSection
EndGlobal
